
Microsoft Visual Studio Solution File, Format Version 11.00
# Visual Studio 2010
Project("{FAE04EC0-301F-11D3-BF4B-00C04F79EFBC}") = "Scratchers", "Assembly-CSharp.csproj", "{21DB563B-33D7-C4B9-CB00-6CD29D411AFD}"
EndProject
Project("{FAE04EC0-301F-11D3-BF4B-00C04F79EFBC}") = "Scratchers", "Assembly-CSharp-Editor.csproj", "{46827724-AAAE-34F8-3610-80F3E0B79044}"
EndProject
Global
	GlobalSection(SolutionConfigurationPlatforms) = preSolution
		Debug|Any CPU = Debug|Any CPU
		Release|Any CPU = Release|Any CPU
	EndGlobalSection
	GlobalSection(ProjectConfigurationPlatforms) = postSolution
		{21DB563B-33D7-C4B9-CB00-6CD29D411AFD}.Debug|Any CPU.ActiveCfg = Debug|Any CPU
		{21DB563B-33D7-C4B9-CB00-6CD29D411AFD}.Debug|Any CPU.Build.0 = Debug|Any CPU
		{21DB563B-33D7-C4B9-CB00-6CD29D411AFD}.Release|Any CPU.ActiveCfg = Release|Any CPU
		{21DB563B-33D7-C4B9-CB00-6CD29D411AFD}.Release|Any CPU.Build.0 = Release|Any CPU
		{46827724-AAAE-34F8-3610-80F3E0B79044}.Debug|Any CPU.ActiveCfg = Debug|Any CPU
		{46827724-AAAE-34F8-3610-80F3E0B79044}.Debug|Any CPU.Build.0 = Debug|Any CPU
		{46827724-AAAE-34F8-3610-80F3E0B79044}.Release|Any CPU.ActiveCfg = Release|Any CPU
		{46827724-AAAE-34F8-3610-80F3E0B79044}.Release|Any CPU.Build.0 = Release|Any CPU
	EndGlobalSection
	GlobalSection(SolutionProperties) = preSolution
		HideSolutionNode = FALSE
	EndGlobalSection
	GlobalSection(MonoDevelopProperties) = preSolution
		StartupItem = Assembly-CSharp.csproj
	EndGlobalSection
EndGlobal
